{
  "requires": true,
  "lockfileVersion": 1,
  "dependencies": {
    "words-en": {
      "version": "2.0.0",
      "resolved": "https://registry.npmjs.org/words-en/-/words-en-2.0.0.tgz",
      "integrity": "sha512-ldBJL/6Oe4p2ldijRT6Iq5k5SH1IwPfsAt4TG+mNlnHc6uX2yOO//PXsffn3hnLU7hBpgBs51tXq0IUdRFpFBA=="
    }
  }
}
